
Microsoft Visual Studio Solution File, Format Version 12.00
# Visual Studio Version 17
VisualStudioVersion = 17.5.002.0
MinimumVisualStudioVersion = 10.0.40219.1
Project("{2150E333-8FDC-42A3-9474-1A3956D46DE8}") = "csharp", "csharp", "{6BDAE2B7-DE76-4022-A449-586B332510F8}"
EndProject
Project("{2150E333-8FDC-42A3-9474-1A3956D46DE8}") = "easy", "easy", "{759667C1-5970-439E-A797-A1A71787FA31}"
EndProject
Project("{9A19103F-16F7-4668-BE54-9A1E7A4F7556}") = "data_types", "csharp\easy\data_types\data_types.csproj", "{002D38E1-01B3-4D5B-B0C7-357DE2C8B6B6}"
EndProject
Project("{9A19103F-16F7-4668-BE54-9A1E7A4F7556}") = "print_your_name", "csharp\easy\print_your_name\print_your_name.csproj", "{03148E1D-83FF-419B-ACDA-000F9353C2C7}"
EndProject
Project("{9A19103F-16F7-4668-BE54-9A1E7A4F7556}") = "count_to_ten", "csharp\easy\count_to_ten\count_to_ten.csproj", "{3C5FBE31-BE7A-4C2F-B8D7-7374216E552A}"
EndProject
Global
	GlobalSection(SolutionConfigurationPlatforms) = preSolution
		Debug|Any CPU = Debug|Any CPU
		Release|Any CPU = Release|Any CPU
	EndGlobalSection
	GlobalSection(ProjectConfigurationPlatforms) = postSolution
		{002D38E1-01B3-4D5B-B0C7-357DE2C8B6B6}.Debug|Any CPU.ActiveCfg = Debug|Any CPU
		{002D38E1-01B3-4D5B-B0C7-357DE2C8B6B6}.Debug|Any CPU.Build.0 = Debug|Any CPU
		{002D38E1-01B3-4D5B-B0C7-357DE2C8B6B6}.Release|Any CPU.ActiveCfg = Release|Any CPU
		{002D38E1-01B3-4D5B-B0C7-357DE2C8B6B6}.Release|Any CPU.Build.0 = Release|Any CPU
		{03148E1D-83FF-419B-ACDA-000F9353C2C7}.Debug|Any CPU.ActiveCfg = Debug|Any CPU
		{03148E1D-83FF-419B-ACDA-000F9353C2C7}.Debug|Any CPU.Build.0 = Debug|Any CPU
		{03148E1D-83FF-419B-ACDA-000F9353C2C7}.Release|Any CPU.ActiveCfg = Release|Any CPU
		{03148E1D-83FF-419B-ACDA-000F9353C2C7}.Release|Any CPU.Build.0 = Release|Any CPU
		{3C5FBE31-BE7A-4C2F-B8D7-7374216E552A}.Debug|Any CPU.ActiveCfg = Debug|Any CPU
		{3C5FBE31-BE7A-4C2F-B8D7-7374216E552A}.Debug|Any CPU.Build.0 = Debug|Any CPU
		{3C5FBE31-BE7A-4C2F-B8D7-7374216E552A}.Release|Any CPU.ActiveCfg = Release|Any CPU
		{3C5FBE31-BE7A-4C2F-B8D7-7374216E552A}.Release|Any CPU.Build.0 = Release|Any CPU
	EndGlobalSection
	GlobalSection(SolutionProperties) = preSolution
		HideSolutionNode = FALSE
	EndGlobalSection
	GlobalSection(NestedProjects) = preSolution
		{759667C1-5970-439E-A797-A1A71787FA31} = {6BDAE2B7-DE76-4022-A449-586B332510F8}
		{002D38E1-01B3-4D5B-B0C7-357DE2C8B6B6} = {759667C1-5970-439E-A797-A1A71787FA31}
		{03148E1D-83FF-419B-ACDA-000F9353C2C7} = {759667C1-5970-439E-A797-A1A71787FA31}
		{3C5FBE31-BE7A-4C2F-B8D7-7374216E552A} = {759667C1-5970-439E-A797-A1A71787FA31}
	EndGlobalSection
	GlobalSection(ExtensibilityGlobals) = postSolution
		SolutionGuid = {541205B9-4512-49F6-B375-CC059557D31D}
	EndGlobalSection
EndGlobal
